
Microsoft Visual Studio Solution File, Format Version 12.00
Project("{FAE04EC0-301F-11D3-BF4B-00C04F79EFBC}") = "BonusProgram", "BonusProgram\BonusProgram.csproj", "{CC13DAD4-7FE3-4E01-A63B-74152F131D07}"
EndProject
Global
	GlobalSection(SolutionConfigurationPlatforms) = preSolution
		Debug|Any CPU = Debug|Any CPU
		Release|Any CPU = Release|Any CPU
	EndGlobalSection
	GlobalSection(ProjectConfigurationPlatforms) = postSolution
		{CC13DAD4-7FE3-4E01-A63B-74152F131D07}.Debug|Any CPU.ActiveCfg = Debug|Any CPU
		{CC13DAD4-7FE3-4E01-A63B-74152F131D07}.Debug|Any CPU.Build.0 = Debug|Any CPU
		{CC13DAD4-7FE3-4E01-A63B-74152F131D07}.Release|Any CPU.ActiveCfg = Release|Any CPU
		{CC13DAD4-7FE3-4E01-A63B-74152F131D07}.Release|Any CPU.Build.0 = Release|Any CPU
	EndGlobalSection
EndGlobal
