
Microsoft Visual Studio Solution File, Format Version 12.00
Project("{FAE04EC0-301F-11D3-BF4B-00C04F79EFBC}") = "Tree_v_Bubble", "Tree_v_Bubble.csproj", "{B95ACB0F-BADD-4F22-A9FD-5BFE7D4CAD9B}"
EndProject
Global
	GlobalSection(SolutionConfigurationPlatforms) = preSolution
		Debug|Any CPU = Debug|Any CPU
		Release|Any CPU = Release|Any CPU
	EndGlobalSection
	GlobalSection(ProjectConfigurationPlatforms) = postSolution
		{B95ACB0F-BADD-4F22-A9FD-5BFE7D4CAD9B}.Debug|Any CPU.ActiveCfg = Debug|Any CPU
		{B95ACB0F-BADD-4F22-A9FD-5BFE7D4CAD9B}.Debug|Any CPU.Build.0 = Debug|Any CPU
		{B95ACB0F-BADD-4F22-A9FD-5BFE7D4CAD9B}.Release|Any CPU.ActiveCfg = Release|Any CPU
		{B95ACB0F-BADD-4F22-A9FD-5BFE7D4CAD9B}.Release|Any CPU.Build.0 = Release|Any CPU
	EndGlobalSection
EndGlobal
